// !$*UTF8*$!
{
	archiveVersion = 1;
	classes = {
	};
	objectVersion = 46;
	objects = {

/* Begin PBXBuildFile section */
		2E927C4A1C5567C700FE4562 /* ColorSaverView.h in Headers */ = {isa = PBXBuildFile; fileRef = 2E927C491C5567C700FE4562 /* ColorSaverView.h */; };
		2E927C4C1C5567C700FE4562 /* ColorSaverView.m in Sources */ = {isa = PBXBuildFile; fileRef = 2E927C4B1C5567C700FE4562 /* ColorSaverView.m */; };
		2E927C551C55708300FE4562 /* thumbnail.png in Resources */ = {isa = PBXBuildFile; fileRef = 2E927C531C55708300FE4562 /* thumbnail.png */; };
		2E927C561C55708300FE4562 /* thumbnail@2x.png in Resources */ = {isa = PBXBuildFile; fileRef = 2E927C541C55708300FE4562 /* thumbnail@2x.png */; };
/* End PBXBuildFile section */

/* Begin PBXFileReference section */
		2E67DCCB1C557A87000139BC /* ColorSaverThumbnail.sketch */ = {isa = PBXFileReference; lastKnownFileType = file; path = ColorSaverThumbnail.sketch; sourceTree = "<group>"; };
		2E67DCCE1C557C18000139BC /* README.md */ = {isa = PBXFileReference; fileEncoding = 4; lastKnownFileType = net.daringfireball.markdown; path = README.md; sourceTree = "<group>"; };
		2E927C461C5567C700FE4562 /* ColorSaver.saver */ = {isa = PBXFileReference; explicitFileType = wrapper.cfbundle; includeInIndex = 0; path = ColorSaver.saver; sourceTree = BUILT_PRODUCTS_DIR; };
		2E927C491C5567C700FE4562 /* ColorSaverView.h */ = {isa = PBXFileReference; lastKnownFileType = sourcecode.c.h; path = ColorSaverView.h; sourceTree = "<group>"; };
		2E927C4B1C5567C700FE4562 /* ColorSaverView.m */ = {isa = PBXFileReference; lastKnownFileType = sourcecode.c.objc; path = ColorSaverView.m; sourceTree = "<group>"; };
		2E927C4D1C5567C700FE4562 /* Info.plist */ = {isa = PBXFileReference; lastKnownFileType = text.plist.xml; path = Info.plist; sourceTree = "<group>"; };
		2E927C531C55708300FE4562 /* thumbnail.png */ = {isa = PBXFileReference; lastKnownFileType = image.png; path = thumbnail.png; sourceTree = "<group>"; };
		2E927C541C55708300FE4562 /* thumbnail@2x.png */ = {isa = PBXFileReference; lastKnownFileType = image.png; path = "thumbnail@2x.png"; sourceTree = "<group>"; };
/* End PBXFileReference section */

/* Begin PBXFrameworksBuildPhase section */
		2E927C421C5567C700FE4562 /* Frameworks */ = {
			isa = PBXFrameworksBuildPhase;
			buildActionMask = 2147483647;
			files = (
			);
			runOnlyForDeploymentPostprocessing = 0;
		};
/* End PBXFrameworksBuildPhase section */

/* Begin PBXGroup section */
		2E927C3C1C5567C700FE4562 = {
			isa = PBXGroup;
			children = (
				2E67DCCE1C557C18000139BC /* README.md */,
				2E927C481C5567C700FE4562 /* ColorSaver */,
				2E927C471C5567C700FE4562 /* Products */,
			);
			sourceTree = "<group>";
		};
		2E927C471C5567C700FE4562 /* Products */ = {
			isa = PBXGroup;
			children = (
				2E927C461C5567C700FE4562 /* ColorSaver.saver */,
			);
			name = Products;
			sourceTree = "<group>";
		};
		2E927C481C5567C700FE4562 /* ColorSaver */ = {
			isa = PBXGroup;
			children = (
				2E927C491C5567C700FE4562 /* ColorSaverView.h */,
				2E927C4B1C5567C700FE4562 /* ColorSaverView.m */,
				2E927C4D1C5567C700FE4562 /* Info.plist */,
				2E927C531C55708300FE4562 /* thumbnail.png */,
				2E927C541C55708300FE4562 /* thumbnail@2x.png */,
				2E67DCCB1C557A87000139BC /* ColorSaverThumbnail.sketch */,
			);
			path = ColorSaver;
			sourceTree = "<group>";
		};
/* End PBXGroup section */

/* Begin PBXHeadersBuildPhase section */
		2E927C431C5567C700FE4562 /* Headers */ = {
			isa = PBXHeadersBuildPhase;
			buildActionMask = 2147483647;
			files = (
				2E927C4A1C5567C700FE4562 /* ColorSaverView.h in Headers */,
			);
			runOnlyForDeploymentPostprocessing = 0;
		};
/* End PBXHeadersBuildPhase section */

/* Begin PBXNativeTarget section */
		2E927C451C5567C700FE4562 /* ColorSaver */ = {
			isa = PBXNativeTarget;
			buildConfigurationList = 2E927C501C5567C700FE4562 /* Build configuration list for PBXNativeTarget "ColorSaver" */;
			buildPhases = (
				2E927C411C5567C700FE4562 /* Sources */,
				2E927C421C5567C700FE4562 /* Frameworks */,
				2E927C431C5567C700FE4562 /* Headers */,
				2E927C441C5567C700FE4562 /* Resources */,
			);
			buildRules = (
			);
			dependencies = (
			);
			name = ColorSaver;
			productName = ColorSaver;
			productReference = 2E927C461C5567C700FE4562 /* ColorSaver.saver */;
			productType = "com.apple.product-type.bundle";
		};
/* End PBXNativeTarget section */

/* Begin PBXProject section */
		2E927C3D1C5567C700FE4562 /* Project object */ = {
			isa = PBXProject;
			attributes = {
				LastUpgradeCheck = 0720;
				ORGANIZATIONNAME = "Chaos Theory Studios";
				TargetAttributes = {
					2E927C451C5567C700FE4562 = {
						CreatedOnToolsVersion = 7.2;
						DevelopmentTeam = 6SAJV2GPH4;
					};
				};
			};
			buildConfigurationList = 2E927C401C5567C700FE4562 /* Build configuration list for PBXProject "ColorSaver" */;
			compatibilityVersion = "Xcode 3.2";
			developmentRegion = English;
			hasScannedForEncodings = 0;
			knownRegions = (
				en,
			);
			mainGroup = 2E927C3C1C5567C700FE4562;
			productRefGroup = 2E927C471C5567C700FE4562 /* Products */;
			projectDirPath = "";
			projectRoot = "";
			targets = (
				2E927C451C5567C700FE4562 /* ColorSaver */,
			);
		};
/* End PBXProject section */

/* Begin PBXResourcesBuildPhase section */
		2E927C441C5567C700FE4562 /* Resources */ = {
			isa = PBXResourcesBuildPhase;
			buildActionMask = 2147483647;
			files = (
				2E927C551C55708300FE4562 /* thumbnail.png in Resources */,
				2E927C561C55708300FE4562 /* thumbnail@2x.png in Resources */,
			);
			runOnlyForDeploymentPostprocessing = 0;
		};
/* End PBXResourcesBuildPhase section */

/* Begin PBXSourcesBuildPhase section */
		2E927C411C5567C700FE4562 /* Sources */ = {
			isa = PBXSourcesBuildPhase;
			buildActionMask = 2147483647;
			files = (
				2E927C4C1C5567C700FE4562 /* ColorSaverView.m in Sources */,
			);
			runOnlyForDeploymentPostprocessing = 0;
		};
/* End PBXSourcesBuildPhase section */

/* Begin XCBuildConfiguration section */
		2E927C4E1C5567C700FE4562 /* Debug */ = {
			isa = XCBuildConfiguration;
			buildSettings = {
				ALWAYS_SEARCH_USER_PATHS = NO;
				CLANG_CXX_LANGUAGE_STANDARD = "gnu++0x";
				CLANG_CXX_LIBRARY = "libc++";
				CLANG_ENABLE_MODULES = YES;
				CLANG_ENABLE_OBJC_ARC = YES;
				CLANG_WARN_BOOL_CONVERSION = YES;
				CLANG_WARN_CONSTANT_CONVERSION = YES;
				CLANG_WARN_DIRECT_OBJC_ISA_USAGE = YES_ERROR;
				CLANG_WARN_EMPTY_BODY = YES;
				CLANG_WARN_ENUM_CONVERSION = YES;
				CLANG_WARN_INT_CONVERSION = YES;
				CLANG_WARN_OBJC_ROOT_CLASS = YES_ERROR;
				CLANG_WARN_UNREACHABLE_CODE = YES;
				CLANG_WARN__DUPLICATE_METHOD_MATCH = YES;
				CODE_SIGN_IDENTITY = "Developer ID Application";
				COPY_PHASE_STRIP = NO;
				DEBUG_INFORMATION_FORMAT = dwarf;
				ENABLE_STRICT_OBJC_MSGSEND = YES;
				ENABLE_TESTABILITY = YES;
				GCC_C_LANGUAGE_STANDARD = gnu99;
				GCC_DYNAMIC_NO_PIC = NO;
				GCC_NO_COMMON_BLOCKS = YES;
				GCC_OPTIMIZATION_LEVEL = 0;
				GCC_PREPROCESSOR_DEFINITIONS = (
					"DEBUG=1",
					"$(inherited)",
				);
				GCC_WARN_64_TO_32_BIT_CONVERSION = YES;
				GCC_WARN_ABOUT_RETURN_TYPE = YES_ERROR;
				GCC_WARN_UNDECLARED_SELECTOR = YES;
				GCC_WARN_UNINITIALIZED_AUTOS = YES_AGGRESSIVE;
				GCC_WARN_UNUSED_FUNCTION = YES;
				GCC_WARN_UNUSED_VARIABLE = YES;
				MACOSX_DEPLOYMENT_TARGET = 10.6;
				MTL_ENABLE_DEBUG_INFO = YES;
				ONLY_ACTIVE_ARCH = YES;
				SDKROOT = macosx;
			};
			name = Debug;
		};
		2E927C4F1C5567C700FE4562 /* Release */ = {
			isa = XCBuildConfiguration;
			buildSettings = {
				ALWAYS_SEARCH_USER_PATHS = NO;
				CLANG_CXX_LANGUAGE_STANDARD = "gnu++0x";
				CLANG_CXX_LIBRARY = "libc++";
				CLANG_ENABLE_MODULES = YES;
				CLANG_ENABLE_OBJC_ARC = YES;
				CLANG_WARN_BOOL_CONVERSION = YES;
				CLANG_WARN_CONSTANT_CONVERSION = YES;
				CLANG_WARN_DIRECT_OBJC_ISA_USAGE = YES_ERROR;
				CLANG_WARN_EMPTY_BODY = YES;
				CLANG_WARN_ENUM_CONVERSION = YES;
				CLANG_WARN_INT_CONVERSION = YES;
				CLANG_WARN_OBJC_ROOT_CLASS = YES_ERROR;
				CLANG_WARN_UNREACHABLE_CODE = YES;
				CLANG_WARN__DUPLICATE_METHOD_MATCH = YES;
				CODE_SIGN_IDENTITY = "Developer ID Application";
				COPY_PHASE_STRIP = NO;
				DEBUG_INFORMATION_FORMAT = "dwarf-with-dsym";
				ENABLE_NS_ASSERTIONS = NO;
				ENABLE_STRICT_OBJC_MSGSEND = YES;
				GCC_C_LANGUAGE_STANDARD = gnu99;
				GCC_NO_COMMON_BLOCKS = YES;
				GCC_WARN_64_TO_32_BIT_CONVERSION = YES;
				GCC_WARN_ABOUT_RETURN_TYPE = YES_ERROR;
				GCC_WARN_UNDECLARED_SELECTOR = YES;
				GCC_WARN_UNINITIALIZED_AUTOS = YES_AGGRESSIVE;
				GCC_WARN_UNUSED_FUNCTION = YES;
				GCC_WARN_UNUSED_VARIABLE = YES;
				MACOSX_DEPLOYMENT_TARGET = 10.6;
				MTL_ENABLE_DEBUG_INFO = NO;
				SDKROOT = macosx;
			};
			name = Release;
		};
		2E927C511C5567C700FE4562 /* Debug */ = {
			isa = XCBuildConfiguration;
			buildSettings = {
				CODE_SIGN_IDENTITY = "Mac Developer";
				"CODE_SIGN_IDENTITY[sdk=macosx*]" = "Mac Developer";
				COMBINE_HIDPI_IMAGES = YES;
				INFOPLIST_FILE = ColorSaver/Info.plist;
				INSTALL_PATH = "$(HOME)/Library/Screen Savers";
				PRODUCT_BUNDLE_IDENTIFIER = com.ChaosTheory.ColorSaver;
				PRODUCT_NAME = "$(TARGET_NAME)";
				PROVISIONING_PROFILE = "";
				WRAPPER_EXTENSION = saver;
			};
			name = Debug;
		};
		2E927C521C5567C700FE4562 /* Release */ = {
			isa = XCBuildConfiguration;
			buildSettings = {
				CODE_SIGN_IDENTITY = "Mac Developer";
				"CODE_SIGN_IDENTITY[sdk=macosx*]" = "Mac Developer";
				COMBINE_HIDPI_IMAGES = YES;
				INFOPLIST_FILE = ColorSaver/Info.plist;
				INSTALL_PATH = "$(HOME)/Library/Screen Savers";
				PRODUCT_BUNDLE_IDENTIFIER = com.ChaosTheory.ColorSaver;
				PRODUCT_NAME = "$(TARGET_NAME)";
				PROVISIONING_PROFILE = "";
				WRAPPER_EXTENSION = saver;
			};
			name = Release;
		};
/* End XCBuildConfiguration section */

/* Begin XCConfigurationList section */
		2E927C401C5567C700FE4562 /* Build configuration list for PBXProject "ColorSaver" */ = {
			isa = XCConfigurationList;
			buildConfigurations = (
				2E927C4E1C5567C700FE4562 /* Debug */,
				2E927C4F1C5567C700FE4562 /* Release */,
			);
			defaultConfigurationIsVisible = 0;
			defaultConfigurationName = Release;
		};
		2E927C501C5567C700FE4562 /* Build configuration list for PBXNativeTarget "ColorSaver" */ = {
			isa = XCConfigurationList;
			buildConfigurations = (
				2E927C511C5567C700FE4562 /* Debug */,
				2E927C521C5567C700FE4562 /* Release */,
			);
			defaultConfigurationIsVisible = 0;
			defaultConfigurationName = Release;
		};
/* End XCConfigurationList section */
	};
	rootObject = 2E927C3D1C5567C700FE4562 /* Project object */;
}
